
Microsoft Visual Studio Solution File, Format Version 12.00
# Visual Studio Version 17
VisualStudioVersion = 17.11.35303.130
MinimumVisualStudioVersion = 10.0.40219.1
Project("{9A19103F-16F7-4668-BE54-9A1E7A4F7556}") = "Competency5", "Competency5\Competency5\Competency5.csproj", "{3E2DE8C8-D124-46FC-8E8E-3301313E63C8}"
EndProject
Project("{9A19103F-16F7-4668-BE54-9A1E7A4F7556}") = "Competency5.Client", "Competency5\Competency5.Client\Competency5.Client.csproj", "{4E9006A5-BB9E-4532-B523-C1DEB1F6C6F7}"
EndProject
Project("{9A19103F-16F7-4668-BE54-9A1E7A4F7556}") = "Competency5.Client.Tests", "Competency5.Client.Tests\Competency5.Client.Tests.csproj", "{68443996-2012-4F06-A3FD-45AD928F07EA}"
EndProject
Project("{9A19103F-16F7-4668-BE54-9A1E7A4F7556}") = "LineChart", "Blazor-Charts\LineChart\LineChart.csproj", "{CCEC5F94-41F1-486F-A106-259CF14464AD}"
EndProject
Project("{9A19103F-16F7-4668-BE54-9A1E7A4F7556}") = "Entities", "Entities\Entities.csproj", "{DBAC92AA-79AE-427E-92B6-A824FB28416A}"
EndProject
Global
	GlobalSection(SolutionConfigurationPlatforms) = preSolution
		Debug|Any CPU = Debug|Any CPU
		Release|Any CPU = Release|Any CPU
	EndGlobalSection
	GlobalSection(ProjectConfigurationPlatforms) = postSolution
		{3E2DE8C8-D124-46FC-8E8E-3301313E63C8}.Debug|Any CPU.ActiveCfg = Debug|Any CPU
		{3E2DE8C8-D124-46FC-8E8E-3301313E63C8}.Debug|Any CPU.Build.0 = Debug|Any CPU
		{3E2DE8C8-D124-46FC-8E8E-3301313E63C8}.Release|Any CPU.ActiveCfg = Release|Any CPU
		{3E2DE8C8-D124-46FC-8E8E-3301313E63C8}.Release|Any CPU.Build.0 = Release|Any CPU
		{4E9006A5-BB9E-4532-B523-C1DEB1F6C6F7}.Debug|Any CPU.ActiveCfg = Debug|Any CPU
		{4E9006A5-BB9E-4532-B523-C1DEB1F6C6F7}.Debug|Any CPU.Build.0 = Debug|Any CPU
		{4E9006A5-BB9E-4532-B523-C1DEB1F6C6F7}.Release|Any CPU.ActiveCfg = Release|Any CPU
		{4E9006A5-BB9E-4532-B523-C1DEB1F6C6F7}.Release|Any CPU.Build.0 = Release|Any CPU
		{68443996-2012-4F06-A3FD-45AD928F07EA}.Debug|Any CPU.ActiveCfg = Debug|Any CPU
		{68443996-2012-4F06-A3FD-45AD928F07EA}.Debug|Any CPU.Build.0 = Debug|Any CPU
		{68443996-2012-4F06-A3FD-45AD928F07EA}.Release|Any CPU.ActiveCfg = Release|Any CPU
		{68443996-2012-4F06-A3FD-45AD928F07EA}.Release|Any CPU.Build.0 = Release|Any CPU
		{CCEC5F94-41F1-486F-A106-259CF14464AD}.Debug|Any CPU.ActiveCfg = Debug|Any CPU
		{CCEC5F94-41F1-486F-A106-259CF14464AD}.Debug|Any CPU.Build.0 = Debug|Any CPU
		{CCEC5F94-41F1-486F-A106-259CF14464AD}.Release|Any CPU.ActiveCfg = Release|Any CPU
		{CCEC5F94-41F1-486F-A106-259CF14464AD}.Release|Any CPU.Build.0 = Release|Any CPU
		{DBAC92AA-79AE-427E-92B6-A824FB28416A}.Debug|Any CPU.ActiveCfg = Debug|Any CPU
		{DBAC92AA-79AE-427E-92B6-A824FB28416A}.Debug|Any CPU.Build.0 = Debug|Any CPU
		{DBAC92AA-79AE-427E-92B6-A824FB28416A}.Release|Any CPU.ActiveCfg = Release|Any CPU
		{DBAC92AA-79AE-427E-92B6-A824FB28416A}.Release|Any CPU.Build.0 = Release|Any CPU
	EndGlobalSection
	GlobalSection(SolutionProperties) = preSolution
		HideSolutionNode = FALSE
	EndGlobalSection
	GlobalSection(ExtensibilityGlobals) = postSolution
		SolutionGuid = {556126DC-B1B2-42D5-AC2C-B7677C420EA0}
	EndGlobalSection
EndGlobal
